
Microsoft Visual Studio Solution File, Format Version 12.00
# Visual Studio Version 16
VisualStudioVersion = 16.0.33801.447
MinimumVisualStudioVersion = 10.0.40219.1
Project("{FAE04EC0-301F-11D3-BF4B-00C04F79EFBC}") = "CacheCleaner", "CacheCleaner\CacheCleaner.csproj", "{F164A71A-3C45-4D31-AE24-F2A273D48410}"
EndProject
Global
	GlobalSection(SolutionConfigurationPlatforms) = preSolution
		Debug|Any CPU = Debug|Any CPU
		Release|Any CPU = Release|Any CPU
	EndGlobalSection
	GlobalSection(ProjectConfigurationPlatforms) = postSolution
		{F164A71A-3C45-4D31-AE24-F2A273D48410}.Debug|Any CPU.ActiveCfg = Debug|Any CPU
		{F164A71A-3C45-4D31-AE24-F2A273D48410}.Debug|Any CPU.Build.0 = Debug|Any CPU
		{F164A71A-3C45-4D31-AE24-F2A273D48410}.Release|Any CPU.ActiveCfg = Release|Any CPU
		{F164A71A-3C45-4D31-AE24-F2A273D48410}.Release|Any CPU.Build.0 = Release|Any CPU
	EndGlobalSection
	GlobalSection(SolutionProperties) = preSolution
		HideSolutionNode = FALSE
	EndGlobalSection
	GlobalSection(ExtensibilityGlobals) = postSolution
		SolutionGuid = {0C929C8E-3EA7-4B73-86F9-7B66ADC754B9}
	EndGlobalSection
EndGlobal
